<Solution>
  <Project Path="Municipality360.API/Municipality360.API.csproj" />
  <Project Path="Municipality360.Application/Municipality360.Application.csproj" />
  <Project Path="Municipality360.Domain/Municipality360.Domain.csproj" />
  <Project Path="Municipality360.Infrastructure/Municipality360.Infrastructure.csproj" />
</Solution>
